
Microsoft Visual Studio Solution File, Format Version 12.00
# Visual Studio Version 16
VisualStudioVersion = 16.0.30011.22
MinimumVisualStudioVersion = 10.0.40219.1
Project("{9A19103F-16F7-4668-BE54-9A1E7A4F7556}") = "CheckoutApi", "src\CheckoutApi\CheckoutApi.csproj", "{A68BAF5A-FAD3-45DA-8C20-D8D88F38DB14}"
EndProject
Project("{9A19103F-16F7-4668-BE54-9A1E7A4F7556}") = "CheckoutApi.IntegrationTests", "tests\CheckoutApi.IntegrationTests\CheckoutApi.IntegrationTests.csproj", "{7D2A9CD9-4138-4D26-AA4B-E000EF892D46}"
EndProject
Project("{9A19103F-16F7-4668-BE54-9A1E7A4F7556}") = "CheckoutApi.UnitTests", "tests\CheckoutApi.UnitTests\CheckoutApi.UnitTests.csproj", "{FC64C6A7-6258-40B0-8597-3199BF459384}"
EndProject
Global
	GlobalSection(SolutionConfigurationPlatforms) = preSolution
		Debug|Any CPU = Debug|Any CPU
		Release|Any CPU = Release|Any CPU
	EndGlobalSection
	GlobalSection(ProjectConfigurationPlatforms) = postSolution
		{A68BAF5A-FAD3-45DA-8C20-D8D88F38DB14}.Debug|Any CPU.ActiveCfg = Debug|Any CPU
		{A68BAF5A-FAD3-45DA-8C20-D8D88F38DB14}.Debug|Any CPU.Build.0 = Debug|Any CPU
		{A68BAF5A-FAD3-45DA-8C20-D8D88F38DB14}.Release|Any CPU.ActiveCfg = Release|Any CPU
		{A68BAF5A-FAD3-45DA-8C20-D8D88F38DB14}.Release|Any CPU.Build.0 = Release|Any CPU
		{7D2A9CD9-4138-4D26-AA4B-E000EF892D46}.Debug|Any CPU.ActiveCfg = Debug|Any CPU
		{7D2A9CD9-4138-4D26-AA4B-E000EF892D46}.Debug|Any CPU.Build.0 = Debug|Any CPU
		{7D2A9CD9-4138-4D26-AA4B-E000EF892D46}.Release|Any CPU.ActiveCfg = Release|Any CPU
		{7D2A9CD9-4138-4D26-AA4B-E000EF892D46}.Release|Any CPU.Build.0 = Release|Any CPU
		{FC64C6A7-6258-40B0-8597-3199BF459384}.Debug|Any CPU.ActiveCfg = Debug|Any CPU
		{FC64C6A7-6258-40B0-8597-3199BF459384}.Debug|Any CPU.Build.0 = Debug|Any CPU
		{FC64C6A7-6258-40B0-8597-3199BF459384}.Release|Any CPU.ActiveCfg = Release|Any CPU
		{FC64C6A7-6258-40B0-8597-3199BF459384}.Release|Any CPU.Build.0 = Release|Any CPU
	EndGlobalSection
	GlobalSection(SolutionProperties) = preSolution
		HideSolutionNode = FALSE
	EndGlobalSection
	GlobalSection(ExtensibilityGlobals) = postSolution
		SolutionGuid = {547C9576-2D05-4ACE-ACBD-C270001A26F2}
	EndGlobalSection
EndGlobal
